
Microsoft Visual Studio Solution File, Format Version 12.00
# Visual Studio Version 16
VisualStudioVersion = 16.0.31229.75
MinimumVisualStudioVersion = 10.0.40219.1
Project("{FAE04EC0-301F-11D3-BF4B-00C04F79EFBC}") = "Task_Dashboard", "Task_Dashboard\Task_Dashboard.csproj", "{41F694CE-48CC-40DB-94D6-808C007FECB4}"
EndProject
Global
	GlobalSection(SolutionConfigurationPlatforms) = preSolution
		Debug|Any CPU = Debug|Any CPU
		Release|Any CPU = Release|Any CPU
	EndGlobalSection
	GlobalSection(ProjectConfigurationPlatforms) = postSolution
		{41F694CE-48CC-40DB-94D6-808C007FECB4}.Debug|Any CPU.ActiveCfg = Debug|Any CPU
		{41F694CE-48CC-40DB-94D6-808C007FECB4}.Debug|Any CPU.Build.0 = Debug|Any CPU
		{41F694CE-48CC-40DB-94D6-808C007FECB4}.Release|Any CPU.ActiveCfg = Release|Any CPU
		{41F694CE-48CC-40DB-94D6-808C007FECB4}.Release|Any CPU.Build.0 = Release|Any CPU
	EndGlobalSection
	GlobalSection(SolutionProperties) = preSolution
		HideSolutionNode = FALSE
	EndGlobalSection
	GlobalSection(ExtensibilityGlobals) = postSolution
		SolutionGuid = {128EF65B-BBA0-46F3-BB1F-69C81D29650A}
	EndGlobalSection
EndGlobal
